
Microsoft Visual Studio Solution File, Format Version 12.00
# Visual Studio Version 17
VisualStudioVersion = 17.1.32414.318
MinimumVisualStudioVersion = 10.0.40219.1
Project("{FAE04EC0-301F-11D3-BF4B-00C04F79EFBC}") = "actividad 3", "actividad 3\actividad 3.csproj", "{8F3917FC-A929-46B8-91E7-23A672BBD68F}"
EndProject
Global
	GlobalSection(SolutionConfigurationPlatforms) = preSolution
		Debug|Any CPU = Debug|Any CPU
		Release|Any CPU = Release|Any CPU
	EndGlobalSection
	GlobalSection(ProjectConfigurationPlatforms) = postSolution
		{8F3917FC-A929-46B8-91E7-23A672BBD68F}.Debug|Any CPU.ActiveCfg = Debug|Any CPU
		{8F3917FC-A929-46B8-91E7-23A672BBD68F}.Debug|Any CPU.Build.0 = Debug|Any CPU
		{8F3917FC-A929-46B8-91E7-23A672BBD68F}.Release|Any CPU.ActiveCfg = Release|Any CPU
		{8F3917FC-A929-46B8-91E7-23A672BBD68F}.Release|Any CPU.Build.0 = Release|Any CPU
	EndGlobalSection
	GlobalSection(SolutionProperties) = preSolution
		HideSolutionNode = FALSE
	EndGlobalSection
	GlobalSection(ExtensibilityGlobals) = postSolution
		SolutionGuid = {4091912F-7578-4CE8-AAB6-A381340CDC24}
	EndGlobalSection
EndGlobal
