
Microsoft Visual Studio Solution File, Format Version 12.00
# Visual Studio Version 17
VisualStudioVersion = 17.1.32414.318
MinimumVisualStudioVersion = 10.0.40219.1
Project("{FAE04EC0-301F-11D3-BF4B-00C04F79EFBC}") = "ConsoleApp1", "ConsoleApp1\ConsoleApp1.csproj", "{CB6E5C84-5A4E-478D-9956-F83D7D3BB192}"
EndProject
Global
	GlobalSection(SolutionConfigurationPlatforms) = preSolution
		Debug|Any CPU = Debug|Any CPU
		Release|Any CPU = Release|Any CPU
	EndGlobalSection
	GlobalSection(ProjectConfigurationPlatforms) = postSolution
		{CB6E5C84-5A4E-478D-9956-F83D7D3BB192}.Debug|Any CPU.ActiveCfg = Debug|Any CPU
		{CB6E5C84-5A4E-478D-9956-F83D7D3BB192}.Debug|Any CPU.Build.0 = Debug|Any CPU
		{CB6E5C84-5A4E-478D-9956-F83D7D3BB192}.Release|Any CPU.ActiveCfg = Release|Any CPU
		{CB6E5C84-5A4E-478D-9956-F83D7D3BB192}.Release|Any CPU.Build.0 = Release|Any CPU
	EndGlobalSection
	GlobalSection(SolutionProperties) = preSolution
		HideSolutionNode = FALSE
	EndGlobalSection
	GlobalSection(ExtensibilityGlobals) = postSolution
		SolutionGuid = {90DEE322-9FF3-473E-850B-CAC35C5DD112}
	EndGlobalSection
EndGlobal
