
Microsoft Visual Studio Solution File, Format Version 12.00
# Visual Studio Version 17
VisualStudioVersion = 17.1.32414.318
MinimumVisualStudioVersion = 10.0.40219.1
Project("{9A19103F-16F7-4668-BE54-9A1E7A4F7556}") = "actividades", "actividades.csproj", "{3AD4364D-891B-4E83-AA3D-A5DB69ECD87D}"
EndProject
Global
	GlobalSection(SolutionConfigurationPlatforms) = preSolution
		Debug|Any CPU = Debug|Any CPU
		Release|Any CPU = Release|Any CPU
	EndGlobalSection
	GlobalSection(ProjectConfigurationPlatforms) = postSolution
		{3AD4364D-891B-4E83-AA3D-A5DB69ECD87D}.Debug|Any CPU.ActiveCfg = Debug|Any CPU
		{3AD4364D-891B-4E83-AA3D-A5DB69ECD87D}.Debug|Any CPU.Build.0 = Debug|Any CPU
		{3AD4364D-891B-4E83-AA3D-A5DB69ECD87D}.Release|Any CPU.ActiveCfg = Release|Any CPU
		{3AD4364D-891B-4E83-AA3D-A5DB69ECD87D}.Release|Any CPU.Build.0 = Release|Any CPU
	EndGlobalSection
	GlobalSection(SolutionProperties) = preSolution
		HideSolutionNode = FALSE
	EndGlobalSection
	GlobalSection(ExtensibilityGlobals) = postSolution
		SolutionGuid = {690DD464-3597-4545-ADDE-A8E757DBF670}
	EndGlobalSection
EndGlobal
